
Microsoft Visual Studio Solution File, Format Version 12.00
# Visual Studio Version 17
VisualStudioVersion = 17.4.33213.308
MinimumVisualStudioVersion = 10.0.40219.1
Project("{FAE04EC0-301F-11D3-BF4B-00C04F79EFBC}") = "Task_Generics", "Task_Generics.csproj", "{1620732B-41C0-4BAF-91F6-857B6B05229E}"
EndProject
Global
	GlobalSection(SolutionConfigurationPlatforms) = preSolution
		Debug|Any CPU = Debug|Any CPU
		Release|Any CPU = Release|Any CPU
	EndGlobalSection
	GlobalSection(ProjectConfigurationPlatforms) = postSolution
		{1620732B-41C0-4BAF-91F6-857B6B05229E}.Debug|Any CPU.ActiveCfg = Debug|Any CPU
		{1620732B-41C0-4BAF-91F6-857B6B05229E}.Debug|Any CPU.Build.0 = Debug|Any CPU
		{1620732B-41C0-4BAF-91F6-857B6B05229E}.Release|Any CPU.ActiveCfg = Release|Any CPU
		{1620732B-41C0-4BAF-91F6-857B6B05229E}.Release|Any CPU.Build.0 = Release|Any CPU
	EndGlobalSection
	GlobalSection(SolutionProperties) = preSolution
		HideSolutionNode = FALSE
	EndGlobalSection
	GlobalSection(ExtensibilityGlobals) = postSolution
		SolutionGuid = {88CD3279-1012-49E0-8522-D00DCFC87B7D}
	EndGlobalSection
EndGlobal
